
Microsoft Visual Studio Solution File, Format Version 12.00
# Visual Studio Version 16
VisualStudioVersion = 16.0.33801.447
MinimumVisualStudioVersion = 10.0.40219.1
Project("{D2ABAB84-BF74-430A-B69E-9DC6D40DDA17}") = "AmericansOLAP", "AmericansOLAP\AmericansOLAP.dwproj", "{2D340D34-8BE9-4587-890C-048E48B9B919}"
EndProject
Global
	GlobalSection(SolutionConfigurationPlatforms) = preSolution
		Development|Default = Development|Default
	EndGlobalSection
	GlobalSection(ProjectConfigurationPlatforms) = postSolution
		{2D340D34-8BE9-4587-890C-048E48B9B919}.Development|Default.ActiveCfg = Development
		{2D340D34-8BE9-4587-890C-048E48B9B919}.Development|Default.Build.0 = Development
		{2D340D34-8BE9-4587-890C-048E48B9B919}.Development|Default.Deploy.0 = Development
	EndGlobalSection
	GlobalSection(SolutionProperties) = preSolution
		HideSolutionNode = FALSE
	EndGlobalSection
	GlobalSection(ExtensibilityGlobals) = postSolution
		SolutionGuid = {B4EEF6FD-BA18-4B1D-9159-80E938AFAE43}
	EndGlobalSection
EndGlobal
