
Microsoft Visual Studio Solution File, Format Version 12.00
# Visual Studio Version 17
VisualStudioVersion = 17.7.34221.43
MinimumVisualStudioVersion = 10.0.40219.1
Project("{D2ABAB84-BF74-430A-B69E-9DC6D40DDA17}") = "AmericansOlapProject", "AmericansOlapProject.dwproj", "{C03828F1-41BC-4470-8906-C6C18D192ACA}"
EndProject
Global
	GlobalSection(SolutionConfigurationPlatforms) = preSolution
		Development|Default = Development|Default
	EndGlobalSection
	GlobalSection(ProjectConfigurationPlatforms) = postSolution
		{C03828F1-41BC-4470-8906-C6C18D192ACA}.Development|Default.ActiveCfg = Development
		{C03828F1-41BC-4470-8906-C6C18D192ACA}.Development|Default.Build.0 = Development
		{C03828F1-41BC-4470-8906-C6C18D192ACA}.Development|Default.Deploy.0 = Development
	EndGlobalSection
	GlobalSection(SolutionProperties) = preSolution
		HideSolutionNode = FALSE
	EndGlobalSection
	GlobalSection(ExtensibilityGlobals) = postSolution
		SolutionGuid = {CCD70322-FAE0-42DD-86DA-D2FA64BB0BA9}
	EndGlobalSection
EndGlobal
